
Microsoft Visual Studio Solution File, Format Version 12.00
# Visual Studio Version 16
VisualStudioVersion = 16.0.30804.86
MinimumVisualStudioVersion = 10.0.40219.1
Project("{FAE04EC0-301F-11D3-BF4B-00C04F79EFBC}") = "BankingApplication", "BankingApplication\BankingApplication.csproj", "{1C383062-C9E9-452D-9E7B-6FF1EF58791D}"
EndProject
Global
	GlobalSection(SolutionConfigurationPlatforms) = preSolution
		Debug|Any CPU = Debug|Any CPU
		Release|Any CPU = Release|Any CPU
	EndGlobalSection
	GlobalSection(ProjectConfigurationPlatforms) = postSolution
		{1C383062-C9E9-452D-9E7B-6FF1EF58791D}.Debug|Any CPU.ActiveCfg = Debug|Any CPU
		{1C383062-C9E9-452D-9E7B-6FF1EF58791D}.Debug|Any CPU.Build.0 = Debug|Any CPU
		{1C383062-C9E9-452D-9E7B-6FF1EF58791D}.Release|Any CPU.ActiveCfg = Release|Any CPU
		{1C383062-C9E9-452D-9E7B-6FF1EF58791D}.Release|Any CPU.Build.0 = Release|Any CPU
	EndGlobalSection
	GlobalSection(SolutionProperties) = preSolution
		HideSolutionNode = FALSE
	EndGlobalSection
	GlobalSection(ExtensibilityGlobals) = postSolution
		SolutionGuid = {447A3635-649E-4E97-A41D-5E9698406C1C}
	EndGlobalSection
EndGlobal
